version = 1
revision = 3
requires-python = ">=3.12"

[[package]]
name = "bont"
version = "1.1.0"
source = { editable = "." }
dependencies = [
    { name = "fonttools" },
    { name = "pillow" },
]

[package.dev-dependencies]
dev = [
    { name = "ruff" },
]

[package.metadata]
requires-dist = [
    { name = "fonttools", specifier = ">=4.61.1" },
    { name = "pillow", specifier = ">=12.1.1" },
]

[package.metadata.requires-dev]
dev = [{ name = "ruff", specifier = ">=0.15.1" }]

[[package]]
name = "fonttools"
version = "4.61.1"
source = { registry = "https://pypi.org/simple" }
sdist = { url = "https://files.pythonhosted.org/packages/ec/ca/cf17b88a8df95691275a3d77dc0a5ad9907f328ae53acbe6795da1b2f5ed/fonttools-4.61.1.tar.gz", hash = "sha256:6675329885c44657f826ef01d9e4fb33b9158e9d93c537d84ad8399539bc6f69", size = 3565756, upload-time = "2025-12-12T17:31:24.246Z" }
wheels = [
    { url = "https://files.pythonhosted.org/packages/6f/16/7decaa24a1bd3a70c607b2e29f0adc6159f36a7e40eaba59846414765fd4/fonttools-4.61.1-cp312-cp312-macosx_10_13_universal2.whl", hash = "sha256:f3cb4a569029b9f291f88aafc927dd53683757e640081ca8c412781ea144565e", size = 2851593, upload-time = "2025-12-12T17:30:04.225Z" },
    { url = "https://files.pythonhosted.org/packages/94/98/3c4cb97c64713a8cf499b3245c3bf9a2b8fd16a3e375feff2aed78f96259/fonttools-4.61.1-cp312-cp312-macosx_10_13_x86_64.whl", hash = "sha256:41a7170d042e8c0024703ed13b71893519a1a6d6e18e933e3ec7507a2c26a4b2", size = 2400231, upload-time = "2025-12-12T17:30:06.47Z" },
    { url = "https://files.pythonhosted.org/packages/b7/37/82dbef0f6342eb01f54bca073ac1498433d6ce71e50c3c3282b655733b31/fonttools-4.61.1-cp312-cp312-manylinux1_x86_64.manylinux2014_x86_64.manylinux_2_17_x86_64.manylinux_2_5_x86_64.whl", hash = "sha256:10d88e55330e092940584774ee5e8a6971b01fc2f4d3466a1d6c158230880796", size = 4954103, upload-time = "2025-12-12T17:30:08.432Z" },
    { url = "https://files.pythonhosted.org/packages/6c/44/f3aeac0fa98e7ad527f479e161aca6c3a1e47bb6996b053d45226fe37bf2/fonttools-4.61.1-cp312-cp312-manylinux2014_aarch64.manylinux_2_17_aarch64.manylinux_2_28_aarch64.whl", hash = "sha256:15acc09befd16a0fb8a8f62bc147e1a82817542d72184acca9ce6e0aeda9fa6d", size = 5004295, upload-time = "2025-12-12T17:30:10.56Z" },
    { url = "https://files.pythonhosted.org/packages/14/e8/7424ced75473983b964d09f6747fa09f054a6d656f60e9ac9324cf40c743/fonttools-4.61.1-cp312-cp312-musllinux_1_2_aarch64.whl", hash = "sha256:e6bcdf33aec38d16508ce61fd81838f24c83c90a1d1b8c68982857038673d6b8", size = 4944109, upload-time = "2025-12-12T17:30:12.874Z" },
    { url = "https://files.pythonhosted.org/packages/c8/8b/6391b257fa3d0b553d73e778f953a2f0154292a7a7a085e2374b111e5410/fonttools-4.61.1-cp312-cp312-musllinux_1_2_x86_64.whl", hash = "sha256:5fade934607a523614726119164ff621e8c30e8fa1ffffbbd358662056ba69f0", size = 5093598, upload-time = "2025-12-12T17:30:15.79Z" },
    { url = "https://files.pythonhosted.org/packages/d9/71/fd2ea96cdc512d92da5678a1c98c267ddd4d8c5130b76d0f7a80f9a9fde8/fonttools-4.61.1-cp312-cp312-win32.whl", hash = "sha256:75da8f28eff26defba42c52986de97b22106cb8f26515b7c22443ebc9c2d3261", size = 2269060, upload-time = "2025-12-12T17:30:18.058Z" },
    { url = "https://files.pythonhosted.org/packages/80/3b/a3e81b71aed5a688e89dfe0e2694b26b78c7d7f39a5ffd8a7d75f54a12a8/fonttools-4.61.1-cp312-cp312-win_amd64.whl", hash = "sha256:497c31ce314219888c0e2fce5ad9178ca83fe5230b01a5006726cdf3ac9f24d9", size = 2319078, upload-time = "2025-12-12T17:30:22.862Z" },
    { url = "https://files.pythonhosted.org/packages/4b/cf/00ba28b0990982530addb8dc3e9e6f2fa9cb5c20df2abdda7baa755e8fe1/fonttools-4.61.1-cp313-cp313-macosx_10_13_universal2.whl", hash = "sha256:8c56c488ab471628ff3bfa80964372fc13504ece601e0d97a78ee74126b2045c", size = 2846454, upload-time = "2025-12-12T17:30:24.938Z" },
    { url = "https://files.pythonhosted.org/packages/5a/ca/468c9a8446a2103ae645d14fee3f610567b7042aba85031c1c65e3ef7471/fonttools-4.61.1-cp313-cp313-macosx_10_13_x86_64.whl", hash = "sha256:dc492779501fa723b04d0ab1f5be046797fee17d27700476edc7ee9ae535a61e", size = 2398191, upload-time = "2025-12-12T17:30:27.343Z" },
    { url = "https://files.pythonhosted.org/packages/a3/4b/d67eedaed19def5967fade3297fed8161b25ba94699efc124b14fb68cdbc/fonttools-4.61.1-cp313-cp313-manylinux1_x86_64.manylinux2014_x86_64.manylinux_2_17_x86_64.manylinux_2_5_x86_64.whl", hash = "sha256:64102ca87e84261419c3747a0d20f396eb024bdbeb04c2bfb37e2891f5fadcb5", size = 4928410, upload-time = "2025-12-12T17:30:29.771Z" },
    { url = "https://files.pythonhosted.org/packages/b0/8d/6fb3494dfe61a46258cd93d979cf4725ded4eb46c2a4ca35e4490d84daea/fonttools-4.61.1-cp313-cp313-manylinux2014_aarch64.manylinux_2_17_aarch64.manylinux_2_28_aarch64.whl", hash = "sha256:4c1b526c8d3f615a7b1867f38a9410849c8f4aef078535742198e942fba0e9bd", size = 4984460, upload-time = "2025-12-12T17:30:32.073Z" },
    { url = "https://files.pythonhosted.org/packages/f7/f1/a47f1d30b3dc00d75e7af762652d4cbc3dff5c2697a0dbd5203c81afd9c3/fonttools-4.61.1-cp313-cp313-musllinux_1_2_aarch64.whl", hash = "sha256:41ed4b5ec103bd306bb68f81dc166e77409e5209443e5773cb4ed837bcc9b0d3", size = 4925800, upload-time = "2025-12-12T17:30:34.339Z" },
    { url = "https://files.pythonhosted.org/packages/a7/01/e6ae64a0981076e8a66906fab01539799546181e32a37a0257b77e4aa88b/fonttools-4.61.1-cp313-cp313-musllinux_1_2_x86_64.whl", hash = "sha256:b501c862d4901792adaec7c25b1ecc749e2662543f68bb194c42ba18d6eec98d", size = 5067859, upload-time = "2025-12-12T17:30:36.593Z" },
    { url = "https://files.pythonhosted.org/packages/73/aa/28e40b8d6809a9b5075350a86779163f074d2b617c15d22343fce81918db/fonttools-4.61.1-cp313-cp313-win32.whl", hash = "sha256:4d7092bb38c53bbc78e9255a59158b150bcdc115a1e3b3ce0b5f267dc35dd63c", size = 2267821, upload-time = "2025-12-12T17:30:38.478Z" },
    { url = "https://files.pythonhosted.org/packages/1a/59/453c06d1d83dc0951b69ef692d6b9f1846680342927df54e9a1ca91c6f90/fonttools-4.61.1-cp313-cp313-win_amd64.whl", hash = "sha256:21e7c8d76f62ab13c9472ccf74515ca5b9a761d1bde3265152a6dc58700d895b", size = 2318169, upload-time = "2025-12-12T17:30:40.951Z" },
    { url = "https://files.pythonhosted.org/packages/32/8f/4e7bf82c0cbb738d3c2206c920ca34ca74ef9dabde779030145d28665104/fonttools-4.61.1-cp314-cp314-macosx_10_15_universal2.whl", hash = "sha256:fff4f534200a04b4a36e7ae3cb74493afe807b517a09e99cb4faa89a34ed6ecd", size = 2846094, upload-time = "2025-12-12T17:30:43.511Z" },
    { url = "https://files.pythonhosted.org/packages/71/09/d44e45d0a4f3a651f23a1e9d42de43bc643cce2971b19e784cc67d823676/fonttools-4.61.1-cp314-cp314-macosx_10_15_x86_64.whl", hash = "sha256:d9203500f7c63545b4ce3799319fe4d9feb1a1b89b28d3cb5abd11b9dd64147e", size = 2396589, upload-time = "2025-12-12T17:30:45.681Z" },
    { url = "https://files.pythonhosted.org/packages/89/18/58c64cafcf8eb677a99ef593121f719e6dcbdb7d1c594ae5a10d4997ca8a/fonttools-4.61.1-cp314-cp314-manylinux1_x86_64.manylinux2014_x86_64.manylinux_2_17_x86_64.manylinux_2_5_x86_64.whl", hash = "sha256:fa646ecec9528bef693415c79a86e733c70a4965dd938e9a226b0fc64c9d2e6c", size = 4877892, upload-time = "2025-12-12T17:30:47.709Z" },
    { url = "https://files.pythonhosted.org/packages/8a/ec/9e6b38c7ba1e09eb51db849d5450f4c05b7e78481f662c3b79dbde6f3d04/fonttools-4.61.1-cp314-cp314-manylinux2014_aarch64.manylinux_2_17_aarch64.manylinux_2_28_aarch64.whl", hash = "sha256:11f35ad7805edba3aac1a3710d104592df59f4b957e30108ae0ba6c10b11dd75", size = 4972884, upload-time = "2025-12-12T17:30:49.656Z" },
    { url = "https://files.pythonhosted.org/packages/5e/87/b5339da8e0256734ba0dbbf5b6cdebb1dd79b01dc8c270989b7bcd465541/fonttools-4.61.1-cp314-cp314-musllinux_1_2_aarch64.whl", hash = "sha256:b931ae8f62db78861b0ff1ac017851764602288575d65b8e8ff1963fed419063", size = 4924405, upload-time = "2025-12-12T17:30:51.735Z" },
    { url = "https://files.pythonhosted.org/packages/0b/47/e3409f1e1e69c073a3a6fd8cb886eb18c0bae0ee13db2c8d5e7f8495e8b7/fonttools-4.61.1-cp314-cp314-musllinux_1_2_x86_64.whl", hash = "sha256:b148b56f5de675ee16d45e769e69f87623a4944f7443850bf9a9376e628a89d2", size = 5035553, upload-time = "2025-12-12T17:30:54.823Z" },
    { url = "https://files.pythonhosted.org/packages/bf/b6/1f6600161b1073a984294c6c031e1a56ebf95b6164249eecf30012bb2e38/fonttools-4.61.1-cp314-cp314-win32.whl", hash = "sha256:9b666a475a65f4e839d3d10473fad6d47e0a9db14a2f4a224029c5bfde58ad2c", size = 2271915, upload-time = "2025-12-12T17:30:57.913Z" },
    { url = "https://files.pythonhosted.org/packages/52/7b/91e7b01e37cc8eb0e1f770d08305b3655e4f002fc160fb82b3390eabacf5/fonttools-4.61.1-cp314-cp314-win_amd64.whl", hash = "sha256:4f5686e1fe5fce75d82d93c47a438a25bf0d1319d2843a926f741140b2b16e0c", size = 2323487, upload-time = "2025-12-12T17:30:59.804Z" },
    { url = "https://files.pythonhosted.org/packages/39/5c/908ad78e46c61c3e3ed70c3b58ff82ab48437faf84ec84f109592cabbd9f/fonttools-4.61.1-cp314-cp314t-macosx_10_15_universal2.whl", hash = "sha256:e76ce097e3c57c4bcb67c5aa24a0ecdbd9f74ea9219997a707a4061fbe2707aa", size = 2929571, upload-time = "2025-12-12T17:31:02.574Z" },
    { url = "https://files.pythonhosted.org/packages/bd/41/975804132c6dea64cdbfbaa59f3518a21c137a10cccf962805b301ac6ab2/fonttools-4.61.1-cp314-cp314t-macosx_10_15_x86_64.whl", hash = "sha256:9cfef3ab326780c04d6646f68d4b4742aae222e8b8ea1d627c74e38afcbc9d91", size = 2435317, upload-time = "2025-12-12T17:31:04.974Z" },
    { url = "https://files.pythonhosted.org/packages/b0/5a/aef2a0a8daf1ebaae4cfd83f84186d4a72ee08fd6a8451289fcd03ffa8a4/fonttools-4.61.1-cp314-cp314t-manylinux1_x86_64.manylinux2014_x86_64.manylinux_2_17_x86_64.manylinux_2_5_x86_64.whl", hash = "sha256:a75c301f96db737e1c5ed5fd7d77d9c34466de16095a266509e13da09751bd19", size = 4882124, upload-time = "2025-12-12T17:31:07.456Z" },
    { url = "https://files.pythonhosted.org/packages/80/33/d6db3485b645b81cea538c9d1c9219d5805f0877fda18777add4671c5240/fonttools-4.61.1-cp314-cp314t-manylinux2014_aarch64.manylinux_2_17_aarch64.manylinux_2_28_aarch64.whl", hash = "sha256:91669ccac46bbc1d09e9273546181919064e8df73488ea087dcac3e2968df9ba", size = 5100391, upload-time = "2025-12-12T17:31:09.732Z" },
    { url = "https://files.pythonhosted.org/packages/6c/d6/675ba631454043c75fcf76f0ca5463eac8eb0666ea1d7badae5fea001155/fonttools-4.61.1-cp314-cp314t-musllinux_1_2_aarch64.whl", hash = "sha256:c33ab3ca9d3ccd581d58e989d67554e42d8d4ded94ab3ade3508455fe70e65f7", size = 4978800, upload-time = "2025-12-12T17:31:11.681Z" },
    { url = "https://files.pythonhosted.org/packages/7f/33/d3ec753d547a8d2bdaedd390d4a814e8d5b45a093d558f025c6b990b554c/fonttools-4.61.1-cp314-cp314t-musllinux_1_2_x86_64.whl", hash = "sha256:664c5a68ec406f6b1547946683008576ef8b38275608e1cee6c061828171c118", size = 5006426, upload-time = "2025-12-12T17:31:13.764Z" },
    { url = "https://files.pythonhosted.org/packages/b4/40/cc11f378b561a67bea850ab50063366a0d1dd3f6d0a30ce0f874b0ad5664/fonttools-4.61.1-cp314-cp314t-win32.whl", hash = "sha256:aed04cabe26f30c1647ef0e8fbb207516fd40fe9472e9439695f5c6998e60ac5", size = 2335377, upload-time = "2025-12-12T17:31:16.49Z" },
    { url = "https://files.pythonhosted.org/packages/e4/ff/c9a2b66b39f8628531ea58b320d66d951267c98c6a38684daa8f50fb02f8/fonttools-4.61.1-cp314-cp314t-win_amd64.whl", hash = "sha256:2180f14c141d2f0f3da43f3a81bc8aa4684860f6b0e6f9e165a4831f24e6a23b", size = 2400613, upload-time = "2025-12-12T17:31:18.769Z" },
    { url = "https://files.pythonhosted.org/packages/c7/4e/ce75a57ff3aebf6fc1f4e9d508b8e5810618a33d900ad6c19eb30b290b97/fonttools-4.61.1-py3-none-any.whl", hash = "sha256:17d2bf5d541add43822bcf0c43d7d847b160c9bb01d15d5007d84e2217aaa371", size = 1148996, upload-time = "2025-12-12T17:31:21.03Z" },
]

[[package]]
name = "pillow"
version = "12.1.1"
source = { registry = "https://pypi.org/simple" }
sdist = { url = "https://files.pythonhosted.org/packages/1f/42/5c74462b4fd957fcd7b13b04fb3205ff8349236ea74c7c375766d6c82288/pillow-12.1.1.tar.gz", hash = "sha256:9ad8fa5937ab05218e2b6a4cff30295ad35afd2f83ac592e68c0d871bb0fdbc4", size = 46980264, upload-time = "2026-02-11T04:23:07.146Z" }
wheels = [
    { url = "https://files.pythonhosted.org/packages/07/d3/8df65da0d4df36b094351dce696f2989bec731d4f10e743b1c5f4da4d3bf/pillow-12.1.1-cp312-cp312-macosx_10_13_x86_64.whl", hash = "sha256:ab323b787d6e18b3d91a72fc99b1a2c28651e4358749842b8f8dfacd28ef2052", size = 5262803, upload-time = "2026-02-11T04:20:47.653Z" },
    { url = "https://files.pythonhosted.org/packages/d6/71/5026395b290ff404b836e636f51d7297e6c83beceaa87c592718747e670f/pillow-12.1.1-cp312-cp312-macosx_11_0_arm64.whl", hash = "sha256:adebb5bee0f0af4909c30db0d890c773d1a92ffe83da908e2e9e720f8edf3984", size = 4657601, upload-time = "2026-02-11T04:20:49.328Z" },
    { url = "https://files.pythonhosted.org/packages/b1/2e/1001613d941c67442f745aff0f7cc66dd8df9a9c084eb497e6a543ee6f7e/pillow-12.1.1-cp312-cp312-manylinux2014_aarch64.manylinux_2_17_aarch64.whl", hash = "sha256:bb66b7cc26f50977108790e2456b7921e773f23db5630261102233eb355a3b79", size = 6234995, upload-time = "2026-02-11T04:20:51.032Z" },
    { url = "https://files.pythonhosted.org/packages/07/26/246ab11455b2549b9233dbd44d358d033a2f780fa9007b61a913c5b2d24e/pillow-12.1.1-cp312-cp312-manylinux2014_x86_64.manylinux_2_17_x86_64.whl", hash = "sha256:aee2810642b2898bb187ced9b349e95d2a7272930796e022efaf12e99dccd293", size = 8045012, upload-time = "2026-02-11T04:20:52.882Z" },
    { url = "https://files.pythonhosted.org/packages/b2/8b/07587069c27be7535ac1fe33874e32de118fbd34e2a73b7f83436a88368c/pillow-12.1.1-cp312-cp312-manylinux_2_27_aarch64.manylinux_2_28_aarch64.whl", hash = "sha256:a0b1cd6232e2b618adcc54d9882e4e662a089d5768cd188f7c245b4c8c44a397", size = 6349638, upload-time = "2026-02-11T04:20:54.444Z" },
    { url = "https://files.pythonhosted.org/packages/ff/79/6df7b2ee763d619cda2fb4fea498e5f79d984dae304d45a8999b80d6cf5c/pillow-12.1.1-cp312-cp312-manylinux_2_27_x86_64.manylinux_2_28_x86_64.whl", hash = "sha256:7aac39bcf8d4770d089588a2e1dd111cbaa42df5a94be3114222057d68336bd0", size = 7041540, upload-time = "2026-02-11T04:20:55.97Z" },
    { url = "https://files.pythonhosted.org/packages/2c/5e/2ba19e7e7236d7529f4d873bdaf317a318896bac289abebd4bb00ef247f0/pillow-12.1.1-cp312-cp312-musllinux_1_2_aarch64.whl", hash = "sha256:ab174cd7d29a62dd139c44bf74b698039328f45cb03b4596c43473a46656b2f3", size = 6462613, upload-time = "2026-02-11T04:20:57.542Z" },
    { url = "https://files.pythonhosted.org/packages/03/03/31216ec124bb5c3dacd74ce8efff4cc7f52643653bad4825f8f08c697743/pillow-12.1.1-cp312-cp312-musllinux_1_2_x86_64.whl", hash = "sha256:339ffdcb7cbeaa08221cd401d517d4b1fe7a9ed5d400e4a8039719238620ca35", size = 7166745, upload-time = "2026-02-11T04:20:59.196Z" },
    { url = "https://files.pythonhosted.org/packages/1f/e7/7c4552d80052337eb28653b617eafdef39adfb137c49dd7e831b8dc13bc5/pillow-12.1.1-cp312-cp312-win32.whl", hash = "sha256:5d1f9575a12bed9e9eedd9a4972834b08c97a352bd17955ccdebfeca5913fa0a", size = 6328823, upload-time = "2026-02-11T04:21:01.385Z" },
    { url = "https://files.pythonhosted.org/packages/3d/17/688626d192d7261bbbf98846fc98995726bddc2c945344b65bec3a29d731/pillow-12.1.1-cp312-cp312-win_amd64.whl", hash = "sha256:21329ec8c96c6e979cd0dfd29406c40c1d52521a90544463057d2aaa937d66a6", size = 7033367, upload-time = "2026-02-11T04:21:03.536Z" },
    { url = "https://files.pythonhosted.org/packages/ed/fe/a0ef1f73f939b0eca03ee2c108d0043a87468664770612602c63266a43c4/pillow-12.1.1-cp312-cp312-win_arm64.whl", hash = "sha256:af9a332e572978f0218686636610555ae3defd1633597be015ed50289a03c523", size = 2453811, upload-time = "2026-02-11T04:21:05.116Z" },
    { url = "https://files.pythonhosted.org/packages/d5/11/6db24d4bd7685583caeae54b7009584e38da3c3d4488ed4cd25b439de486/pillow-12.1.1-cp313-cp313-ios_13_0_arm64_iphoneos.whl", hash = "sha256:d242e8ac078781f1de88bf823d70c1a9b3c7950a44cdf4b7c012e22ccbcd8e4e", size = 4062689, upload-time = "2026-02-11T04:21:06.804Z" },
    { url = "https://files.pythonhosted.org/packages/33/c0/ce6d3b1fe190f0021203e0d9b5b99e57843e345f15f9ef22fcd43842fd21/pillow-12.1.1-cp313-cp313-ios_13_0_arm64_iphonesimulator.whl", hash = "sha256:02f84dfad02693676692746df05b89cf25597560db2857363a208e393429f5e9", size = 4138535, upload-time = "2026-02-11T04:21:08.452Z" },
    { url = "https://files.pythonhosted.org/packages/a0/c6/d5eb6a4fb32a3f9c21a8c7613ec706534ea1cf9f4b3663e99f0d83f6fca8/pillow-12.1.1-cp313-cp313-ios_13_0_x86_64_iphonesimulator.whl", hash = "sha256:e65498daf4b583091ccbb2556c7000abf0f3349fcd57ef7adc9a84a394ed29f6", size = 3601364, upload-time = "2026-02-11T04:21:10.194Z" },
    { url = "https://files.pythonhosted.org/packages/14/a1/16c4b823838ba4c9c52c0e6bbda903a3fe5a1bdbf1b8eb4fff7156f3e318/pillow-12.1.1-cp313-cp313-macosx_10_13_x86_64.whl", hash = "sha256:6c6db3b84c87d48d0088943bf33440e0c42370b99b1c2a7989216f7b42eede60", size = 5262561, upload-time = "2026-02-11T04:21:11.742Z" },
    { url = "https://files.pythonhosted.org/packages/bb/ad/ad9dc98ff24f485008aa5cdedaf1a219876f6f6c42a4626c08bc4e80b120/pillow-12.1.1-cp313-cp313-macosx_11_0_arm64.whl", hash = "sha256:8b7e5304e34942bf62e15184219a7b5ad4ff7f3bb5cca4d984f37df1a0e1aee2", size = 4657460, upload-time = "2026-02-11T04:21:13.786Z" },
    { url = "https://files.pythonhosted.org/packages/9e/1b/f1a4ea9a895b5732152789326202a82464d5254759fbacae4deea3069334/pillow-12.1.1-cp313-cp313-manylinux2014_aarch64.manylinux_2_17_aarch64.whl", hash = "sha256:18e5bddd742a44b7e6b1e773ab5db102bd7a94c32555ba656e76d319d19c3850", size = 6232698, upload-time = "2026-02-11T04:21:15.949Z" },
    { url = "https://files.pythonhosted.org/packages/95/f4/86f51b8745070daf21fd2e5b1fe0eb35d4db9ca26e6d58366562fb56a743/pillow-12.1.1-cp313-cp313-manylinux2014_x86_64.manylinux_2_17_x86_64.whl", hash = "sha256:fc44ef1f3de4f45b50ccf9136999d71abb99dca7706bc75d222ed350b9fd2289", size = 8041706, upload-time = "2026-02-11T04:21:17.723Z" },
    { url = "https://files.pythonhosted.org/packages/29/9b/d6ecd956bb1266dd1045e995cce9b8d77759e740953a1c9aad9502a0461e/pillow-12.1.1-cp313-cp313-manylinux_2_27_aarch64.manylinux_2_28_aarch64.whl", hash = "sha256:5a8eb7ed8d4198bccbd07058416eeec51686b498e784eda166395a23eb99138e", size = 6346621, upload-time = "2026-02-11T04:21:19.547Z" },
    { url = "https://files.pythonhosted.org/packages/71/24/538bff45bde96535d7d998c6fed1a751c75ac7c53c37c90dc2601b243893/pillow-12.1.1-cp313-cp313-manylinux_2_27_x86_64.manylinux_2_28_x86_64.whl", hash = "sha256:47b94983da0c642de92ced1702c5b6c292a84bd3a8e1d1702ff923f183594717", size = 7038069, upload-time = "2026-02-11T04:21:21.378Z" },
    { url = "https://files.pythonhosted.org/packages/94/0e/58cb1a6bc48f746bc4cb3adb8cabff73e2742c92b3bf7a220b7cf69b9177/pillow-12.1.1-cp313-cp313-musllinux_1_2_aarch64.whl", hash = "sha256:518a48c2aab7ce596d3bf79d0e275661b846e86e4d0e7dec34712c30fe07f02a", size = 6460040, upload-time = "2026-02-11T04:21:23.148Z" },
    { url = "https://files.pythonhosted.org/packages/6c/57/9045cb3ff11eeb6c1adce3b2d60d7d299d7b273a2e6c8381a524abfdc474/pillow-12.1.1-cp313-cp313-musllinux_1_2_x86_64.whl", hash = "sha256:a550ae29b95c6dc13cf69e2c9dc5747f814c54eeb2e32d683e5e93af56caa029", size = 7164523, upload-time = "2026-02-11T04:21:25.01Z" },
    { url = "https://files.pythonhosted.org/packages/73/f2/9be9cb99f2175f0d4dbadd6616ce1bf068ee54a28277ea1bf1fbf729c250/pillow-12.1.1-cp313-cp313-win32.whl", hash = "sha256:a003d7422449f6d1e3a34e3dd4110c22148336918ddbfc6a32581cd54b2e0b2b", size = 6332552, upload-time = "2026-02-11T04:21:27.238Z" },
    { url = "https://files.pythonhosted.org/packages/3f/eb/b0834ad8b583d7d9d42b80becff092082a1c3c156bb582590fcc973f1c7c/pillow-12.1.1-cp313-cp313-win_amd64.whl", hash = "sha256:344cf1e3dab3be4b1fa08e449323d98a2a3f819ad20f4b22e77a0ede31f0faa1", size = 7040108, upload-time = "2026-02-11T04:21:29.462Z" },
    { url = "https://files.pythonhosted.org/packages/d5/7d/fc09634e2aabdd0feabaff4a32f4a7d97789223e7c2042fd805ea4b4d2c2/pillow-12.1.1-cp313-cp313-win_arm64.whl", hash = "sha256:5c0dd1636633e7e6a0afe7bf6a51a14992b7f8e60de5789018ebbdfae55b040a", size = 2453712, upload-time = "2026-02-11T04:21:31.072Z" },
    { url = "https://files.pythonhosted.org/packages/19/2a/b9d62794fc8a0dd14c1943df68347badbd5511103e0d04c035ffe5cf2255/pillow-12.1.1-cp313-cp313t-macosx_10_13_x86_64.whl", hash = "sha256:0330d233c1a0ead844fc097a7d16c0abff4c12e856c0b325f231820fee1f39da", size = 5264880, upload-time = "2026-02-11T04:21:32.865Z" },
    { url = "https://files.pythonhosted.org/packages/26/9d/e03d857d1347fa5ed9247e123fcd2a97b6220e15e9cb73ca0a8d91702c6e/pillow-12.1.1-cp313-cp313t-macosx_11_0_arm64.whl", hash = "sha256:5dae5f21afb91322f2ff791895ddd8889e5e947ff59f71b46041c8ce6db790bc", size = 4660616, upload-time = "2026-02-11T04:21:34.97Z" },
    { url = "https://files.pythonhosted.org/packages/f7/ec/8a6d22afd02570d30954e043f09c32772bfe143ba9285e2fdb11284952cd/pillow-12.1.1-cp313-cp313t-manylinux2014_aarch64.manylinux_2_17_aarch64.whl", hash = "sha256:2e0c664be47252947d870ac0d327fea7e63985a08794758aa8af5b6cb6ec0c9c", size = 6269008, upload-time = "2026-02-11T04:21:36.623Z" },
    { url = "https://files.pythonhosted.org/packages/3d/1d/6d875422c9f28a4a361f495a5f68d9de4a66941dc2c619103ca335fa6446/pillow-12.1.1-cp313-cp313t-manylinux2014_x86_64.manylinux_2_17_x86_64.whl", hash = "sha256:691ab2ac363b8217f7d31b3497108fb1f50faab2f75dfb03284ec2f217e87bf8", size = 8073226, upload-time = "2026-02-11T04:21:38.585Z" },
    { url = "https://files.pythonhosted.org/packages/a1/cd/134b0b6ee5eda6dc09e25e24b40fdafe11a520bc725c1d0bbaa5e00bf95b/pillow-12.1.1-cp313-cp313t-manylinux_2_27_aarch64.manylinux_2_28_aarch64.whl", hash = "sha256:e9e8064fb1cc019296958595f6db671fba95209e3ceb0c4734c9baf97de04b20", size = 6380136, upload-time = "2026-02-11T04:21:40.562Z" },
    { url = "https://files.pythonhosted.org/packages/7a/a9/7628f013f18f001c1b98d8fffe3452f306a70dc6aba7d931019e0492f45e/pillow-12.1.1-cp313-cp313t-manylinux_2_27_x86_64.manylinux_2_28_x86_64.whl", hash = "sha256:472a8d7ded663e6162dafdf20015c486a7009483ca671cece7a9279b512fcb13", size = 7067129, upload-time = "2026-02-11T04:21:42.521Z" },
    { url = "https://files.pythonhosted.org/packages/1e/f8/66ab30a2193b277785601e82ee2d49f68ea575d9637e5e234faaa98efa4c/pillow-12.1.1-cp313-cp313t-musllinux_1_2_aarch64.whl", hash = "sha256:89b54027a766529136a06cfebeecb3a04900397a3590fd252160b888479517bf", size = 6491807, upload-time = "2026-02-11T04:21:44.22Z" },
    { url = "https://files.pythonhosted.org/packages/da/0b/a877a6627dc8318fdb84e357c5e1a758c0941ab1ddffdafd231983788579/pillow-12.1.1-cp313-cp313t-musllinux_1_2_x86_64.whl", hash = "sha256:86172b0831b82ce4f7877f280055892b31179e1576aa00d0df3bb1bbf8c3e524", size = 7190954, upload-time = "2026-02-11T04:21:46.114Z" },
    { url = "https://files.pythonhosted.org/packages/83/43/6f732ff85743cf746b1361b91665d9f5155e1483817f693f8d57ea93147f/pillow-12.1.1-cp313-cp313t-win32.whl", hash = "sha256:44ce27545b6efcf0fdbdceb31c9a5bdea9333e664cda58a7e674bb74608b3986", size = 6336441, upload-time = "2026-02-11T04:21:48.22Z" },
    { url = "https://files.pythonhosted.org/packages/3b/44/e865ef3986611bb75bfabdf94a590016ea327833f434558801122979cd0e/pillow-12.1.1-cp313-cp313t-win_amd64.whl", hash = "sha256:a285e3eb7a5a45a2ff504e31f4a8d1b12ef62e84e5411c6804a42197c1cf586c", size = 7045383, upload-time = "2026-02-11T04:21:50.015Z" },
    { url = "https://files.pythonhosted.org/packages/a8/c6/f4fb24268d0c6908b9f04143697ea18b0379490cb74ba9e8d41b898bd005/pillow-12.1.1-cp313-cp313t-win_arm64.whl", hash = "sha256:cc7d296b5ea4d29e6570dabeaed58d31c3fea35a633a69679fb03d7664f43fb3", size = 2456104, upload-time = "2026-02-11T04:21:51.633Z" },
    { url = "https://files.pythonhosted.org/packages/03/d0/bebb3ffbf31c5a8e97241476c4cf8b9828954693ce6744b4a2326af3e16b/pillow-12.1.1-cp314-cp314-ios_13_0_arm64_iphoneos.whl", hash = "sha256:417423db963cb4be8bac3fc1204fe61610f6abeed1580a7a2cbb2fbda20f12af", size = 4062652, upload-time = "2026-02-11T04:21:53.19Z" },
    { url = "https://files.pythonhosted.org/packages/2d/c0/0e16fb0addda4851445c28f8350d8c512f09de27bbb0d6d0bbf8b6709605/pillow-12.1.1-cp314-cp314-ios_13_0_arm64_iphonesimulator.whl", hash = "sha256:b957b71c6b2387610f556a7eb0828afbe40b4a98036fc0d2acfa5a44a0c2036f", size = 4138823, upload-time = "2026-02-11T04:22:03.088Z" },
    { url = "https://files.pythonhosted.org/packages/6b/fb/6170ec655d6f6bb6630a013dd7cf7bc218423d7b5fa9071bf63dc32175ae/pillow-12.1.1-cp314-cp314-ios_13_0_x86_64_iphonesimulator.whl", hash = "sha256:097690ba1f2efdeb165a20469d59d8bb03c55fb6621eb2041a060ae8ea3e9642", size = 3601143, upload-time = "2026-02-11T04:22:04.909Z" },
    { url = "https://files.pythonhosted.org/packages/59/04/dc5c3f297510ba9a6837cbb318b87dd2b8f73eb41a43cc63767f65cb599c/pillow-12.1.1-cp314-cp314-macosx_10_15_x86_64.whl", hash = "sha256:2815a87ab27848db0321fb78c7f0b2c8649dee134b7f2b80c6a45c6831d75ccd", size = 5266254, upload-time = "2026-02-11T04:22:07.656Z" },
    { url = "https://files.pythonhosted.org/packages/05/30/5db1236b0d6313f03ebf97f5e17cda9ca060f524b2fcc875149a8360b21c/pillow-12.1.1-cp314-cp314-macosx_11_0_arm64.whl", hash = "sha256:f7ed2c6543bad5a7d5530eb9e78c53132f93dfa44a28492db88b41cdab885202", size = 4657499, upload-time = "2026-02-11T04:22:09.613Z" },
    { url = "https://files.pythonhosted.org/packages/6f/18/008d2ca0eb612e81968e8be0bbae5051efba24d52debf930126d7eaacbba/pillow-12.1.1-cp314-cp314-manylinux2014_aarch64.manylinux_2_17_aarch64.whl", hash = "sha256:652a2c9ccfb556235b2b501a3a7cf3742148cd22e04b5625c5fe057ea3e3191f", size = 6232137, upload-time = "2026-02-11T04:22:11.434Z" },
    { url = "https://files.pythonhosted.org/packages/70/f1/f14d5b8eeb4b2cd62b9f9f847eb6605f103df89ef619ac68f92f748614ea/pillow-12.1.1-cp314-cp314-manylinux2014_x86_64.manylinux_2_17_x86_64.whl", hash = "sha256:d6e4571eedf43af33d0fc233a382a76e849badbccdf1ac438841308652a08e1f", size = 8042721, upload-time = "2026-02-11T04:22:13.321Z" },
    { url = "https://files.pythonhosted.org/packages/5a/d6/17824509146e4babbdabf04d8171491fa9d776f7061ff6e727522df9bd03/pillow-12.1.1-cp314-cp314-manylinux_2_27_aarch64.manylinux_2_28_aarch64.whl", hash = "sha256:b574c51cf7d5d62e9be37ba446224b59a2da26dc4c1bb2ecbe936a4fb1a7cb7f", size = 6347798, upload-time = "2026-02-11T04:22:15.449Z" },
    { url = "https://files.pythonhosted.org/packages/d1/ee/c85a38a9ab92037a75615aba572c85ea51e605265036e00c5b67dfafbfe2/pillow-12.1.1-cp314-cp314-manylinux_2_27_x86_64.manylinux_2_28_x86_64.whl", hash = "sha256:a37691702ed687799de29a518d63d4682d9016932db66d4e90c345831b02fb4e", size = 7039315, upload-time = "2026-02-11T04:22:17.24Z" },
    { url = "https://files.pythonhosted.org/packages/ec/f3/bc8ccc6e08a148290d7523bde4d9a0d6c981db34631390dc6e6ec34cacf6/pillow-12.1.1-cp314-cp314-musllinux_1_2_aarch64.whl", hash = "sha256:f95c00d5d6700b2b890479664a06e754974848afaae5e21beb4d83c106923fd0", size = 6462360, upload-time = "2026-02-11T04:22:19.111Z" },
    { url = "https://files.pythonhosted.org/packages/f6/ab/69a42656adb1d0665ab051eec58a41f169ad295cf81ad45406963105408f/pillow-12.1.1-cp314-cp314-musllinux_1_2_x86_64.whl", hash = "sha256:559b38da23606e68681337ad74622c4dbba02254fc9cb4488a305dd5975c7eeb", size = 7165438, upload-time = "2026-02-11T04:22:21.041Z" },
    { url = "https://files.pythonhosted.org/packages/02/46/81f7aa8941873f0f01d4b55cc543b0a3d03ec2ee30d617a0448bf6bd6dec/pillow-12.1.1-cp314-cp314-win32.whl", hash = "sha256:03edcc34d688572014ff223c125a3f77fb08091e4607e7745002fc214070b35f", size = 6431503, upload-time = "2026-02-11T04:22:22.833Z" },
    { url = "https://files.pythonhosted.org/packages/40/72/4c245f7d1044b67affc7f134a09ea619d4895333d35322b775b928180044/pillow-12.1.1-cp314-cp314-win_amd64.whl", hash = "sha256:50480dcd74fa63b8e78235957d302d98d98d82ccbfac4c7e12108ba9ecbdba15", size = 7176748, upload-time = "2026-02-11T04:22:24.64Z" },
    { url = "https://files.pythonhosted.org/packages/e4/ad/8a87bdbe038c5c698736e3348af5c2194ffb872ea52f11894c95f9305435/pillow-12.1.1-cp314-cp314-win_arm64.whl", hash = "sha256:5cb1785d97b0c3d1d1a16bc1d710c4a0049daefc4935f3a8f31f827f4d3d2e7f", size = 2544314, upload-time = "2026-02-11T04:22:26.685Z" },
    { url = "https://files.pythonhosted.org/packages/6c/9d/efd18493f9de13b87ede7c47e69184b9e859e4427225ea962e32e56a49bc/pillow-12.1.1-cp314-cp314t-macosx_10_15_x86_64.whl", hash = "sha256:1f90cff8aa76835cba5769f0b3121a22bd4eb9e6884cfe338216e557a9a548b8", size = 5268612, upload-time = "2026-02-11T04:22:29.884Z" },
    { url = "https://files.pythonhosted.org/packages/f8/f1/4f42eb2b388eb2ffc660dcb7f7b556c1015c53ebd5f7f754965ef997585b/pillow-12.1.1-cp314-cp314t-macosx_11_0_arm64.whl", hash = "sha256:1f1be78ce9466a7ee64bfda57bdba0f7cc499d9794d518b854816c41bf0aa4e9", size = 4660567, upload-time = "2026-02-11T04:22:31.799Z" },
    { url = "https://files.pythonhosted.org/packages/01/54/df6ef130fa43e4b82e32624a7b821a2be1c5653a5fdad8469687a7db4e00/pillow-12.1.1-cp314-cp314t-manylinux2014_aarch64.manylinux_2_17_aarch64.whl", hash = "sha256:42fc1f4677106188ad9a55562bbade416f8b55456f522430fadab3cef7cd4e60", size = 6269951, upload-time = "2026-02-11T04:22:33.921Z" },
    { url = "https://files.pythonhosted.org/packages/a9/48/618752d06cc44bb4aae8ce0cd4e6426871929ed7b46215638088270d9b34/pillow-12.1.1-cp314-cp314t-manylinux2014_x86_64.manylinux_2_17_x86_64.whl", hash = "sha256:98edb152429ab62a1818039744d8fbb3ccab98a7c29fc3d5fcef158f3f1f68b7", size = 8074769, upload-time = "2026-02-11T04:22:35.877Z" },
    { url = "https://files.pythonhosted.org/packages/c3/bd/f1d71eb39a72fa088d938655afba3e00b38018d052752f435838961127d8/pillow-12.1.1-cp314-cp314t-manylinux_2_27_aarch64.manylinux_2_28_aarch64.whl", hash = "sha256:d470ab1178551dd17fdba0fef463359c41aaa613cdcd7ff8373f54be629f9f8f", size = 6381358, upload-time = "2026-02-11T04:22:37.698Z" },
    { url = "https://files.pythonhosted.org/packages/64/ef/c784e20b96674ed36a5af839305f55616f8b4f8aa8eeccf8531a6e312243/pillow-12.1.1-cp314-cp314t-manylinux_2_27_x86_64.manylinux_2_28_x86_64.whl", hash = "sha256:6408a7b064595afcab0a49393a413732a35788f2a5092fdc6266952ed67de586", size = 7068558, upload-time = "2026-02-11T04:22:39.597Z" },
    { url = "https://files.pythonhosted.org/packages/73/cb/8059688b74422ae61278202c4e1ad992e8a2e7375227be0a21c6b87ca8d5/pillow-12.1.1-cp314-cp314t-musllinux_1_2_aarch64.whl", hash = "sha256:5d8c41325b382c07799a3682c1c258469ea2ff97103c53717b7893862d0c98ce", size = 6493028, upload-time = "2026-02-11T04:22:42.73Z" },
    { url = "https://files.pythonhosted.org/packages/c6/da/e3c008ed7d2dd1f905b15949325934510b9d1931e5df999bb15972756818/pillow-12.1.1-cp314-cp314t-musllinux_1_2_x86_64.whl", hash = "sha256:c7697918b5be27424e9ce568193efd13d925c4481dd364e43f5dff72d33e10f8", size = 7191940, upload-time = "2026-02-11T04:22:44.543Z" },
    { url = "https://files.pythonhosted.org/packages/01/4a/9202e8d11714c1fc5951f2e1ef362f2d7fbc595e1f6717971d5dd750e969/pillow-12.1.1-cp314-cp314t-win32.whl", hash = "sha256:d2912fd8114fc5545aa3a4b5576512f64c55a03f3ebcca4c10194d593d43ea36", size = 6438736, upload-time = "2026-02-11T04:22:46.347Z" },
    { url = "https://files.pythonhosted.org/packages/f3/ca/cbce2327eb9885476b3957b2e82eb12c866a8b16ad77392864ad601022ce/pillow-12.1.1-cp314-cp314t-win_amd64.whl", hash = "sha256:4ceb838d4bd9dab43e06c363cab2eebf63846d6a4aeaea283bbdfd8f1a8ed58b", size = 7182894, upload-time = "2026-02-11T04:22:48.114Z" },
    { url = "https://files.pythonhosted.org/packages/ec/d2/de599c95ba0a973b94410477f8bf0b6f0b5e67360eb89bcb1ad365258beb/pillow-12.1.1-cp314-cp314t-win_arm64.whl", hash = "sha256:7b03048319bfc6170e93bd60728a1af51d3dd7704935feb228c4d4faab35d334", size = 2546446, upload-time = "2026-02-11T04:22:50.342Z" },
]

[[package]]
name = "ruff"
version = "0.15.1"
source = { registry = "https://pypi.org/simple" }
sdist = { url = "https://files.pythonhosted.org/packages/04/dc/4e6ac71b511b141cf626357a3946679abeba4cf67bc7cc5a17920f31e10d/ruff-0.15.1.tar.gz", hash = "sha256:c590fe13fb57c97141ae975c03a1aedb3d3156030cabd740d6ff0b0d601e203f", size = 4540855, upload-time = "2026-02-12T23:09:09.998Z" }
wheels = [
    { url = "https://files.pythonhosted.org/packages/23/bf/e6e4324238c17f9d9120a9d60aa99a7daaa21204c07fcd84e2ef03bb5fd1/ruff-0.15.1-py3-none-linux_armv6l.whl", hash = "sha256:b101ed7cf4615bda6ffe65bdb59f964e9f4a0d3f85cbf0e54f0ab76d7b90228a", size = 10367819, upload-time = "2026-02-12T23:09:03.598Z" },
    { url = "https://files.pythonhosted.org/packages/b3/ea/c8f89d32e7912269d38c58f3649e453ac32c528f93bb7f4219258be2e7ed/ruff-0.15.1-py3-none-macosx_10_12_x86_64.whl", hash = "sha256:939c995e9277e63ea632cc8d3fae17aa758526f49a9a850d2e7e758bfef46602", size = 10798618, upload-time = "2026-02-12T23:09:22.928Z" },
    { url = "https://files.pythonhosted.org/packages/5e/0f/1d0d88bc862624247d82c20c10d4c0f6bb2f346559d8af281674cf327f15/ruff-0.15.1-py3-none-macosx_11_0_arm64.whl", hash = "sha256:1d83466455fdefe60b8d9c8df81d3c1bbb2115cede53549d3b522ce2bc703899", size = 10148518, upload-time = "2026-02-12T23:08:58.339Z" },
    { url = "https://files.pythonhosted.org/packages/f5/c8/291c49cefaa4a9248e986256df2ade7add79388fe179e0691be06fae6f37/ruff-0.15.1-py3-none-manylinux_2_17_aarch64.manylinux2014_aarch64.whl", hash = "sha256:a9457e3c3291024866222b96108ab2d8265b477e5b1534c7ddb1810904858d16", size = 10518811, upload-time = "2026-02-12T23:09:31.865Z" },
    { url = "https://files.pythonhosted.org/packages/c3/1a/f5707440e5ae43ffa5365cac8bbb91e9665f4a883f560893829cf16a606b/ruff-0.15.1-py3-none-manylinux_2_17_armv7l.manylinux2014_armv7l.whl", hash = "sha256:92c92b003e9d4f7fbd33b1867bb15a1b785b1735069108dfc23821ba045b29bc", size = 10196169, upload-time = "2026-02-12T23:09:17.306Z" },
    { url = "https://files.pythonhosted.org/packages/2a/ff/26ddc8c4da04c8fd3ee65a89c9fb99eaa5c30394269d424461467be2271f/ruff-0.15.1-py3-none-manylinux_2_17_i686.manylinux2014_i686.whl", hash = "sha256:1fe5c41ab43e3a06778844c586251eb5a510f67125427625f9eb2b9526535779", size = 10990491, upload-time = "2026-02-12T23:09:25.503Z" },
    { url = "https://files.pythonhosted.org/packages/fc/00/50920cb385b89413f7cdb4bb9bc8fc59c1b0f30028d8bccc294189a54955/ruff-0.15.1-py3-none-manylinux_2_17_ppc64le.manylinux2014_ppc64le.whl", hash = "sha256:66a6dd6df4d80dc382c6484f8ce1bcceb55c32e9f27a8b94c32f6c7331bf14fb", size = 11843280, upload-time = "2026-02-12T23:09:19.88Z" },
    { url = "https://files.pythonhosted.org/packages/5d/6d/2f5cad8380caf5632a15460c323ae326f1e1a2b5b90a6ee7519017a017ca/ruff-0.15.1-py3-none-manylinux_2_17_s390x.manylinux2014_s390x.whl", hash = "sha256:6a4a42cbb8af0bda9bcd7606b064d7c0bc311a88d141d02f78920be6acb5aa83", size = 11274336, upload-time = "2026-02-12T23:09:14.907Z" },
    { url = "https://files.pythonhosted.org/packages/a3/1d/5f56cae1d6c40b8a318513599b35ea4b075d7dc1cd1d04449578c29d1d75/ruff-0.15.1-py3-none-manylinux_2_17_x86_64.manylinux2014_x86_64.whl", hash = "sha256:4ab064052c31dddada35079901592dfba2e05f5b1e43af3954aafcbc1096a5b2", size = 11137288, upload-time = "2026-02-12T23:09:07.475Z" },
    { url = "https://files.pythonhosted.org/packages/cd/20/6f8d7d8f768c93b0382b33b9306b3b999918816da46537d5a61635514635/ruff-0.15.1-py3-none-manylinux_2_31_riscv64.whl", hash = "sha256:5631c940fe9fe91f817a4c2ea4e81f47bee3ca4aa646134a24374f3c19ad9454", size = 11070681, upload-time = "2026-02-12T23:08:55.43Z" },
    { url = "https://files.pythonhosted.org/packages/9a/67/d640ac76069f64cdea59dba02af2e00b1fa30e2103c7f8d049c0cff4cafd/ruff-0.15.1-py3-none-musllinux_1_2_aarch64.whl", hash = "sha256:68138a4ba184b4691ccdc39f7795c66b3c68160c586519e7e8444cf5a53e1b4c", size = 10486401, upload-time = "2026-02-12T23:09:27.927Z" },
    { url = "https://files.pythonhosted.org/packages/65/3d/e1429f64a3ff89297497916b88c32a5cc88eeca7e9c787072d0e7f1d3e1e/ruff-0.15.1-py3-none-musllinux_1_2_armv7l.whl", hash = "sha256:518f9af03bfc33c03bdb4cb63fabc935341bb7f54af500f92ac309ecfbba6330", size = 10197452, upload-time = "2026-02-12T23:09:12.147Z" },
    { url = "https://files.pythonhosted.org/packages/78/83/e2c3bade17dad63bf1e1c2ffaf11490603b760be149e1419b07049b36ef2/ruff-0.15.1-py3-none-musllinux_1_2_i686.whl", hash = "sha256:da79f4d6a826caaea95de0237a67e33b81e6ec2e25fc7e1993a4015dffca7c61", size = 10693900, upload-time = "2026-02-12T23:09:34.418Z" },
    { url = "https://files.pythonhosted.org/packages/a1/27/fdc0e11a813e6338e0706e8b39bb7a1d61ea5b36873b351acee7e524a72a/ruff-0.15.1-py3-none-musllinux_1_2_x86_64.whl", hash = "sha256:3dd86dccb83cd7d4dcfac303ffc277e6048600dfc22e38158afa208e8bf94a1f", size = 11227302, upload-time = "2026-02-12T23:09:36.536Z" },
    { url = "https://files.pythonhosted.org/packages/f6/58/ac864a75067dcbd3b95be5ab4eb2b601d7fbc3d3d736a27e391a4f92a5c1/ruff-0.15.1-py3-none-win32.whl", hash = "sha256:660975d9cb49b5d5278b12b03bb9951d554543a90b74ed5d366b20e2c57c2098", size = 10462555, upload-time = "2026-02-12T23:09:29.899Z" },
    { url = "https://files.pythonhosted.org/packages/e0/5e/d4ccc8a27ecdb78116feac4935dfc39d1304536f4296168f91ed3ec00cd2/ruff-0.15.1-py3-none-win_amd64.whl", hash = "sha256:c820fef9dd5d4172a6570e5721704a96c6679b80cf7be41659ed439653f62336", size = 11599956, upload-time = "2026-02-12T23:09:01.157Z" },
    { url = "https://files.pythonhosted.org/packages/2a/07/5bda6a85b220c64c65686bc85bd0bbb23b29c62b3a9f9433fa55f17cda93/ruff-0.15.1-py3-none-win_arm64.whl", hash = "sha256:5ff7d5f0f88567850f45081fac8f4ec212be8d0b963e385c3f7d0d2eb4899416", size = 10874604, upload-time = "2026-02-12T23:09:05.515Z" },
]
